
Microsoft Visual Studio Solution File, Format Version 12.00
# Visual Studio Version 16
VisualStudioVersion = 16.0.30621.155
MinimumVisualStudioVersion = 10.0.40219.1
Project("{FAE04EC0-301F-11D3-BF4B-00C04F79EFBC}") = "01_Challenges", "01_Challenges\01_Challenges.csproj", "{D4B78AFB-FD69-4A3A-82EF-6373963FC09E}"
EndProject
Global
	GlobalSection(SolutionConfigurationPlatforms) = preSolution
		Debug|Any CPU = Debug|Any CPU
		Release|Any CPU = Release|Any CPU
	EndGlobalSection
	GlobalSection(ProjectConfigurationPlatforms) = postSolution
		{D4B78AFB-FD69-4A3A-82EF-6373963FC09E}.Debug|Any CPU.ActiveCfg = Debug|Any CPU
		{D4B78AFB-FD69-4A3A-82EF-6373963FC09E}.Debug|Any CPU.Build.0 = Debug|Any CPU
		{D4B78AFB-FD69-4A3A-82EF-6373963FC09E}.Release|Any CPU.ActiveCfg = Release|Any CPU
		{D4B78AFB-FD69-4A3A-82EF-6373963FC09E}.Release|Any CPU.Build.0 = Release|Any CPU
	EndGlobalSection
	GlobalSection(SolutionProperties) = preSolution
		HideSolutionNode = FALSE
	EndGlobalSection
	GlobalSection(ExtensibilityGlobals) = postSolution
		SolutionGuid = {6584EF49-74BC-4F43-A4C0-A8A67F07BB96}
	EndGlobalSection
EndGlobal
